
Microsoft Visual Studio Solution File, Format Version 12.00
# Visual Studio 14
VisualStudioVersion = 14.0.24720.0
MinimumVisualStudioVersion = 10.0.40219.1
Project("{FAE04EC0-301F-11D3-BF4B-00C04F79EFBC}") = "PetaPoco", "PetaPoco\PetaPoco.csproj", "{33699753-151D-4100-8F12-9AE1AEB5C5BD}"
	ProjectSection(ProjectDependencies) = postProject
		{53F07078-98EA-4494-9829-74245992A7F1} = {53F07078-98EA-4494-9829-74245992A7F1}
	EndProjectSection
EndProject
Project("{FAE04EC0-301F-11D3-BF4B-00C04F79EFBC}") = "PetaPoco.Tests", "PetaPoco.Tests\PetaPoco.Tests.csproj", "{E6787C52-7549-44CD-AA6E-AB9D55946AB9}"
EndProject
Project("{FAE04EC0-301F-11D3-BF4B-00C04F79EFBC}") = "PetaPoco.Cs.Joiner", "PetaPoco.Cs.Joiner\PetaPoco.Cs.Joiner.csproj", "{53F07078-98EA-4494-9829-74245992A7F1}"
EndProject
Project("{2150E333-8FDC-42A3-9474-1A3956D46DE8}") = "Peta Single File", "Peta Single File", "{2DAA4086-AC09-4C47-95DF-21917E529022}"
	ProjectSection(SolutionItems) = preProject
		Output\PetaPoco.cs = Output\PetaPoco.cs
	EndProjectSection
EndProject
Project("{2150E333-8FDC-42A3-9474-1A3956D46DE8}") = "Nuget Specs", "Nuget Specs", "{7DF13330-C9DE-4553-93E5-F9043EEA5DA5}"
	ProjectSection(SolutionItems) = preProject
		Nuget\PetaPoco.Compiled.nuspec = Nuget\PetaPoco.Compiled.nuspec
		Nuget\PetaPoco.Core.nuspec = Nuget\PetaPoco.Core.nuspec
		Nuget\PetaPoco.nuspec = Nuget\PetaPoco.nuspec
	EndProjectSection
EndProject
Global
	GlobalSection(SolutionConfigurationPlatforms) = preSolution
		Debug|Any CPU = Debug|Any CPU
		Debug|Mixed Platforms = Debug|Mixed Platforms
		Debug|x86 = Debug|x86
		Release|Any CPU = Release|Any CPU
		Release|Mixed Platforms = Release|Mixed Platforms
		Release|x86 = Release|x86
	EndGlobalSection
	GlobalSection(ProjectConfigurationPlatforms) = postSolution
		{33699753-151D-4100-8F12-9AE1AEB5C5BD}.Debug|Any CPU.ActiveCfg = Debug|Any CPU
		{33699753-151D-4100-8F12-9AE1AEB5C5BD}.Debug|Any CPU.Build.0 = Debug|Any CPU
		{33699753-151D-4100-8F12-9AE1AEB5C5BD}.Debug|Mixed Platforms.ActiveCfg = Debug|Any CPU
		{33699753-151D-4100-8F12-9AE1AEB5C5BD}.Debug|Mixed Platforms.Build.0 = Debug|Any CPU
		{33699753-151D-4100-8F12-9AE1AEB5C5BD}.Debug|x86.ActiveCfg = Debug|Any CPU
		{33699753-151D-4100-8F12-9AE1AEB5C5BD}.Release|Any CPU.ActiveCfg = Release|Any CPU
		{33699753-151D-4100-8F12-9AE1AEB5C5BD}.Release|Any CPU.Build.0 = Release|Any CPU
		{33699753-151D-4100-8F12-9AE1AEB5C5BD}.Release|Mixed Platforms.ActiveCfg = Release|Any CPU
		{33699753-151D-4100-8F12-9AE1AEB5C5BD}.Release|Mixed Platforms.Build.0 = Release|Any CPU
		{33699753-151D-4100-8F12-9AE1AEB5C5BD}.Release|x86.ActiveCfg = Release|Any CPU
		{E6787C52-7549-44CD-AA6E-AB9D55946AB9}.Debug|Any CPU.ActiveCfg = Debug|Any CPU
		{E6787C52-7549-44CD-AA6E-AB9D55946AB9}.Debug|Any CPU.Build.0 = Debug|Any CPU
		{E6787C52-7549-44CD-AA6E-AB9D55946AB9}.Debug|Mixed Platforms.ActiveCfg = Debug|Any CPU
		{E6787C52-7549-44CD-AA6E-AB9D55946AB9}.Debug|Mixed Platforms.Build.0 = Debug|Any CPU
		{E6787C52-7549-44CD-AA6E-AB9D55946AB9}.Debug|x86.ActiveCfg = Debug|Any CPU
		{E6787C52-7549-44CD-AA6E-AB9D55946AB9}.Release|Any CPU.ActiveCfg = Release|Any CPU
		{E6787C52-7549-44CD-AA6E-AB9D55946AB9}.Release|Any CPU.Build.0 = Release|Any CPU
		{E6787C52-7549-44CD-AA6E-AB9D55946AB9}.Release|Mixed Platforms.ActiveCfg = Release|Any CPU
		{E6787C52-7549-44CD-AA6E-AB9D55946AB9}.Release|Mixed Platforms.Build.0 = Release|Any CPU
		{E6787C52-7549-44CD-AA6E-AB9D55946AB9}.Release|x86.ActiveCfg = Release|Any CPU
		{53F07078-98EA-4494-9829-74245992A7F1}.Debug|Any CPU.ActiveCfg = Debug|Any CPU
		{53F07078-98EA-4494-9829-74245992A7F1}.Debug|Any CPU.Build.0 = Debug|Any CPU
		{53F07078-98EA-4494-9829-74245992A7F1}.Debug|Mixed Platforms.ActiveCfg = Debug|Any CPU
		{53F07078-98EA-4494-9829-74245992A7F1}.Debug|Mixed Platforms.Build.0 = Debug|Any CPU
		{53F07078-98EA-4494-9829-74245992A7F1}.Debug|x86.ActiveCfg = Debug|x86
		{53F07078-98EA-4494-9829-74245992A7F1}.Debug|x86.Build.0 = Debug|x86
		{53F07078-98EA-4494-9829-74245992A7F1}.Release|Any CPU.ActiveCfg = Release|Any CPU
		{53F07078-98EA-4494-9829-74245992A7F1}.Release|Any CPU.Build.0 = Release|Any CPU
		{53F07078-98EA-4494-9829-74245992A7F1}.Release|Mixed Platforms.ActiveCfg = Release|Any CPU
		{53F07078-98EA-4494-9829-74245992A7F1}.Release|Mixed Platforms.Build.0 = Release|Any CPU
		{53F07078-98EA-4494-9829-74245992A7F1}.Release|x86.ActiveCfg = Release|x86
		{53F07078-98EA-4494-9829-74245992A7F1}.Release|x86.Build.0 = Release|x86
	EndGlobalSection
	GlobalSection(SolutionProperties) = preSolution
		HideSolutionNode = FALSE
	EndGlobalSection
EndGlobal
